// !$*UTF8*$!
{
	archiveVersion = 1;
	classes = {
	};
	objectVersion = 56;
	objects = {

/* Begin PBXBuildFile section */
		8B1098C429E8A34300BEE838 /* ResultsView.swift in Sources */ = {isa = PBXBuildFile; fileRef = 8B1098C329E8A34300BEE838 /* ResultsView.swift */; };
		8B1B229D29DE7CDE003F2F5C /* AutoLoansCalculatorApp.swift in Sources */ = {isa = PBXBuildFile; fileRef = 8B1B229C29DE7CDE003F2F5C /* AutoLoansCalculatorApp.swift */; };
		8B1B229F29DE7CDE003F2F5C /* ContentView.swift in Sources */ = {isa = PBXBuildFile; fileRef = 8B1B229E29DE7CDE003F2F5C /* ContentView.swift */; };
		8B1B22A129DE7CE1003F2F5C /* Assets.xcassets in Resources */ = {isa = PBXBuildFile; fileRef = 8B1B22A029DE7CE1003F2F5C /* Assets.xcassets */; };
		8B1B22A429DE7CE1003F2F5C /* Preview Assets.xcassets in Resources */ = {isa = PBXBuildFile; fileRef = 8B1B22A329DE7CE1003F2F5C /* Preview Assets.xcassets */; };
		8B1B22AC29DE7DA2003F2F5C /* SettingsView.swift in Sources */ = {isa = PBXBuildFile; fileRef = 8B1B22AB29DE7DA2003F2F5C /* SettingsView.swift */; };
		8B77602E29E8EEAA00A1A91B /* SwiftUICharts in Frameworks */ = {isa = PBXBuildFile; productRef = 8B77602D29E8EEAA00A1A91B /* SwiftUICharts */; };
		8B77603029E8EF5C00A1A91B /* LoanChartView.swift in Sources */ = {isa = PBXBuildFile; fileRef = 8B77602F29E8EF5C00A1A91B /* LoanChartView.swift */; };
		8BF1C7DA29F171A900DE22AB /* GraphView.swift in Sources */ = {isa = PBXBuildFile; fileRef = 8BF1C7D929F171A900DE22AB /* GraphView.swift */; };
		8BF1C7DC29F2327900DE22AB /* SavedDataView.swift in Sources */ = {isa = PBXBuildFile; fileRef = 8BF1C7DB29F2327900DE22AB /* SavedDataView.swift */; };
/* End PBXBuildFile section */

/* Begin PBXFileReference section */
		8B1098C329E8A34300BEE838 /* ResultsView.swift */ = {isa = PBXFileReference; lastKnownFileType = sourcecode.swift; path = ResultsView.swift; sourceTree = "<group>"; };
		8B1B229929DE7CDE003F2F5C /* AutoLoansCalculator.app */ = {isa = PBXFileReference; explicitFileType = wrapper.application; includeInIndex = 0; path = AutoLoansCalculator.app; sourceTree = BUILT_PRODUCTS_DIR; };
		8B1B229C29DE7CDE003F2F5C /* AutoLoansCalculatorApp.swift */ = {isa = PBXFileReference; lastKnownFileType = sourcecode.swift; path = AutoLoansCalculatorApp.swift; sourceTree = "<group>"; };
		8B1B229E29DE7CDE003F2F5C /* ContentView.swift */ = {isa = PBXFileReference; lastKnownFileType = sourcecode.swift; path = ContentView.swift; sourceTree = "<group>"; };
		8B1B22A029DE7CE1003F2F5C /* Assets.xcassets */ = {isa = PBXFileReference; lastKnownFileType = folder.assetcatalog; path = Assets.xcassets; sourceTree = "<group>"; };
		8B1B22A329DE7CE1003F2F5C /* Preview Assets.xcassets */ = {isa = PBXFileReference; lastKnownFileType = folder.assetcatalog; path = "Preview Assets.xcassets"; sourceTree = "<group>"; };
		8B1B22AB29DE7DA2003F2F5C /* SettingsView.swift */ = {isa = PBXFileReference; lastKnownFileType = sourcecode.swift; path = SettingsView.swift; sourceTree = "<group>"; };
		8B77602F29E8EF5C00A1A91B /* LoanChartView.swift */ = {isa = PBXFileReference; lastKnownFileType = sourcecode.swift; path = LoanChartView.swift; sourceTree = "<group>"; };
		8BF1C7D929F171A900DE22AB /* GraphView.swift */ = {isa = PBXFileReference; lastKnownFileType = sourcecode.swift; path = GraphView.swift; sourceTree = "<group>"; };
		8BF1C7DB29F2327900DE22AB /* SavedDataView.swift */ = {isa = PBXFileReference; lastKnownFileType = sourcecode.swift; path = SavedDataView.swift; sourceTree = "<group>"; };
/* End PBXFileReference section */

/* Begin PBXFrameworksBuildPhase section */
		8B1B229629DE7CDE003F2F5C /* Frameworks */ = {
			isa = PBXFrameworksBuildPhase;
			buildActionMask = 2147483647;
			files = (
				8B77602E29E8EEAA00A1A91B /* SwiftUICharts in Frameworks */,
			);
			runOnlyForDeploymentPostprocessing = 0;
		};
/* End PBXFrameworksBuildPhase section */

/* Begin PBXGroup section */
		8B1B229029DE7CDE003F2F5C = {
			isa = PBXGroup;
			children = (
				8B1B229B29DE7CDE003F2F5C /* AutoLoansCalculator */,
				8B1B229A29DE7CDE003F2F5C /* Products */,
			);
			sourceTree = "<group>";
		};
		8B1B229A29DE7CDE003F2F5C /* Products */ = {
			isa = PBXGroup;
			children = (
				8B1B229929DE7CDE003F2F5C /* AutoLoansCalculator.app */,
			);
			name = Products;
			sourceTree = "<group>";
		};
		8B1B229B29DE7CDE003F2F5C /* AutoLoansCalculator */ = {
			isa = PBXGroup;
			children = (
				8B1B22AA29DE7D5D003F2F5C /* View */,
				8B1B229C29DE7CDE003F2F5C /* AutoLoansCalculatorApp.swift */,
				8B1B22A029DE7CE1003F2F5C /* Assets.xcassets */,
				8B1B22A229DE7CE1003F2F5C /* Preview Content */,
			);
			path = AutoLoansCalculator;
			sourceTree = "<group>";
		};
		8B1B22A229DE7CE1003F2F5C /* Preview Content */ = {
			isa = PBXGroup;
			children = (
				8B1B22A329DE7CE1003F2F5C /* Preview Assets.xcassets */,
			);
			path = "Preview Content";
			sourceTree = "<group>";
		};
		8B1B22AA29DE7D5D003F2F5C /* View */ = {
			isa = PBXGroup;
			children = (
				8B1B22AB29DE7DA2003F2F5C /* SettingsView.swift */,
				8B1B229E29DE7CDE003F2F5C /* ContentView.swift */,
				8B1098C329E8A34300BEE838 /* ResultsView.swift */,
				8B77602F29E8EF5C00A1A91B /* LoanChartView.swift */,
				8BF1C7D929F171A900DE22AB /* GraphView.swift */,
				8BF1C7DB29F2327900DE22AB /* SavedDataView.swift */,
			);
			path = View;
			sourceTree = "<group>";
		};
/* End PBXGroup section */

/* Begin PBXNativeTarget section */
		8B1B229829DE7CDE003F2F5C /* AutoLoansCalculator */ = {
			isa = PBXNativeTarget;
			buildConfigurationList = 8B1B22A729DE7CE1003F2F5C /* Build configuration list for PBXNativeTarget "AutoLoansCalculator" */;
			buildPhases = (
				8B1B229529DE7CDE003F2F5C /* Sources */,
				8B1B229629DE7CDE003F2F5C /* Frameworks */,
				8B1B229729DE7CDE003F2F5C /* Resources */,
			);
			buildRules = (
			);
			dependencies = (
			);
			name = AutoLoansCalculator;
			packageProductDependencies = (
				8B77602D29E8EEAA00A1A91B /* SwiftUICharts */,
			);
			productName = AutoLoansCalculator;
			productReference = 8B1B229929DE7CDE003F2F5C /* AutoLoansCalculator.app */;
			productType = "com.apple.product-type.application";
		};
/* End PBXNativeTarget section */

/* Begin PBXProject section */
		8B1B229129DE7CDE003F2F5C /* Project object */ = {
			isa = PBXProject;
			attributes = {
				BuildIndependentTargetsInParallel = 1;
				LastSwiftUpdateCheck = 1420;
				LastUpgradeCheck = 1420;
				TargetAttributes = {
					8B1B229829DE7CDE003F2F5C = {
						CreatedOnToolsVersion = 14.2;
					};
				};
			};
			buildConfigurationList = 8B1B229429DE7CDE003F2F5C /* Build configuration list for PBXProject "AutoLoansCalculator" */;
			compatibilityVersion = "Xcode 14.0";
			developmentRegion = en;
			hasScannedForEncodings = 0;
			knownRegions = (
				en,
				Base,
			);
			mainGroup = 8B1B229029DE7CDE003F2F5C;
			packageReferences = (
				8B77602C29E8EEAA00A1A91B /* XCRemoteSwiftPackageReference "ChartView" */,
			);
			productRefGroup = 8B1B229A29DE7CDE003F2F5C /* Products */;
			projectDirPath = "";
			projectRoot = "";
			targets = (
				8B1B229829DE7CDE003F2F5C /* AutoLoansCalculator */,
			);
		};
/* End PBXProject section */

/* Begin PBXResourcesBuildPhase section */
		8B1B229729DE7CDE003F2F5C /* Resources */ = {
			isa = PBXResourcesBuildPhase;
			buildActionMask = 2147483647;
			files = (
				8B1B22A429DE7CE1003F2F5C /* Preview Assets.xcassets in Resources */,
				8B1B22A129DE7CE1003F2F5C /* Assets.xcassets in Resources */,
			);
			runOnlyForDeploymentPostprocessing = 0;
		};
/* End PBXResourcesBuildPhase section */

/* Begin PBXSourcesBuildPhase section */
		8B1B229529DE7CDE003F2F5C /* Sources */ = {
			isa = PBXSourcesBuildPhase;
			buildActionMask = 2147483647;
			files = (
				8B1B22AC29DE7DA2003F2F5C /* SettingsView.swift in Sources */,
				8B1098C429E8A34300BEE838 /* ResultsView.swift in Sources */,
				8B1B229F29DE7CDE003F2F5C /* ContentView.swift in Sources */,
				8BF1C7DC29F2327900DE22AB /* SavedDataView.swift in Sources */,
				8B77603029E8EF5C00A1A91B /* LoanChartView.swift in Sources */,
				8B1B229D29DE7CDE003F2F5C /* AutoLoansCalculatorApp.swift in Sources */,
				8BF1C7DA29F171A900DE22AB /* GraphView.swift in Sources */,
			);
			runOnlyForDeploymentPostprocessing = 0;
		};
/* End PBXSourcesBuildPhase section */

/* Begin XCBuildConfiguration section */
		8B1B22A529DE7CE1003F2F5C /* Debug */ = {
			isa = XCBuildConfiguration;
			buildSettings = {
				ALWAYS_SEARCH_USER_PATHS = NO;
				CLANG_ANALYZER_NONNULL = YES;
				CLANG_ANALYZER_NUMBER_OBJECT_CONVERSION = YES_AGGRESSIVE;
				CLANG_CXX_LANGUAGE_STANDARD = "gnu++20";
				CLANG_ENABLE_MODULES = YES;
				CLANG_ENABLE_OBJC_ARC = YES;
				CLANG_ENABLE_OBJC_WEAK = YES;
				CLANG_WARN_BLOCK_CAPTURE_AUTORELEASING = YES;
				CLANG_WARN_BOOL_CONVERSION = YES;
				CLANG_WARN_COMMA = YES;
				CLANG_WARN_CONSTANT_CONVERSION = YES;
				CLANG_WARN_DEPRECATED_OBJC_IMPLEMENTATIONS = YES;
				CLANG_WARN_DIRECT_OBJC_ISA_USAGE = YES_ERROR;
				CLANG_WARN_DOCUMENTATION_COMMENTS = YES;
				CLANG_WARN_EMPTY_BODY = YES;
				CLANG_WARN_ENUM_CONVERSION = YES;
				CLANG_WARN_INFINITE_RECURSION = YES;
				CLANG_WARN_INT_CONVERSION = YES;
				CLANG_WARN_NON_LITERAL_NULL_CONVERSION = YES;
				CLANG_WARN_OBJC_IMPLICIT_RETAIN_SELF = YES;
				CLANG_WARN_OBJC_LITERAL_CONVERSION = YES;
				CLANG_WARN_OBJC_ROOT_CLASS = YES_ERROR;
				CLANG_WARN_QUOTED_INCLUDE_IN_FRAMEWORK_HEADER = YES;
				CLANG_WARN_RANGE_LOOP_ANALYSIS = YES;
				CLANG_WARN_STRICT_PROTOTYPES = YES;
				CLANG_WARN_SUSPICIOUS_MOVE = YES;
				CLANG_WARN_UNGUARDED_AVAILABILITY = YES_AGGRESSIVE;
				CLANG_WARN_UNREACHABLE_CODE = YES;
				CLANG_WARN__DUPLICATE_METHOD_MATCH = YES;
				COPY_PHASE_STRIP = NO;
				DEBUG_INFORMATION_FORMAT = dwarf;
				ENABLE_STRICT_OBJC_MSGSEND = YES;
				ENABLE_TESTABILITY = YES;
				GCC_C_LANGUAGE_STANDARD = gnu11;
				GCC_DYNAMIC_NO_PIC = NO;
				GCC_NO_COMMON_BLOCKS = YES;
				GCC_OPTIMIZATION_LEVEL = 0;
				GCC_PREPROCESSOR_DEFINITIONS = (
					"DEBUG=1",
					"$(inherited)",
				);
				GCC_WARN_64_TO_32_BIT_CONVERSION = YES;
				GCC_WARN_ABOUT_RETURN_TYPE = YES_ERROR;
				GCC_WARN_UNDECLARED_SELECTOR = YES;
				GCC_WARN_UNINITIALIZED_AUTOS = YES_AGGRESSIVE;
				GCC_WARN_UNUSED_FUNCTION = YES;
				GCC_WARN_UNUSED_VARIABLE = YES;
				IPHONEOS_DEPLOYMENT_TARGET = 16.2;
				MTL_ENABLE_DEBUG_INFO = INCLUDE_SOURCE;
				MTL_FAST_MATH = YES;
				ONLY_ACTIVE_ARCH = YES;
				SDKROOT = iphoneos;
				SWIFT_ACTIVE_COMPILATION_CONDITIONS = DEBUG;
				SWIFT_OPTIMIZATION_LEVEL = "-Onone";
			};
			name = Debug;
		};
		8B1B22A629DE7CE1003F2F5C /* Release */ = {
			isa = XCBuildConfiguration;
			buildSettings = {
				ALWAYS_SEARCH_USER_PATHS = NO;
				CLANG_ANALYZER_NONNULL = YES;
				CLANG_ANALYZER_NUMBER_OBJECT_CONVERSION = YES_AGGRESSIVE;
				CLANG_CXX_LANGUAGE_STANDARD = "gnu++20";
				CLANG_ENABLE_MODULES = YES;
				CLANG_ENABLE_OBJC_ARC = YES;
				CLANG_ENABLE_OBJC_WEAK = YES;
				CLANG_WARN_BLOCK_CAPTURE_AUTORELEASING = YES;
				CLANG_WARN_BOOL_CONVERSION = YES;
				CLANG_WARN_COMMA = YES;
				CLANG_WARN_CONSTANT_CONVERSION = YES;
				CLANG_WARN_DEPRECATED_OBJC_IMPLEMENTATIONS = YES;
				CLANG_WARN_DIRECT_OBJC_ISA_USAGE = YES_ERROR;
				CLANG_WARN_DOCUMENTATION_COMMENTS = YES;
				CLANG_WARN_EMPTY_BODY = YES;
				CLANG_WARN_ENUM_CONVERSION = YES;
				CLANG_WARN_INFINITE_RECURSION = YES;
				CLANG_WARN_INT_CONVERSION = YES;
				CLANG_WARN_NON_LITERAL_NULL_CONVERSION = YES;
				CLANG_WARN_OBJC_IMPLICIT_RETAIN_SELF = YES;
				CLANG_WARN_OBJC_LITERAL_CONVERSION = YES;
				CLANG_WARN_OBJC_ROOT_CLASS = YES_ERROR;
				CLANG_WARN_QUOTED_INCLUDE_IN_FRAMEWORK_HEADER = YES;
				CLANG_WARN_RANGE_LOOP_ANALYSIS = YES;
				CLANG_WARN_STRICT_PROTOTYPES = YES;
				CLANG_WARN_SUSPICIOUS_MOVE = YES;
				CLANG_WARN_UNGUARDED_AVAILABILITY = YES_AGGRESSIVE;
				CLANG_WARN_UNREACHABLE_CODE = YES;
				CLANG_WARN__DUPLICATE_METHOD_MATCH = YES;
				COPY_PHASE_STRIP = NO;
				DEBUG_INFORMATION_FORMAT = "dwarf-with-dsym";
				ENABLE_NS_ASSERTIONS = NO;
				ENABLE_STRICT_OBJC_MSGSEND = YES;
				GCC_C_LANGUAGE_STANDARD = gnu11;
				GCC_NO_COMMON_BLOCKS = YES;
				GCC_WARN_64_TO_32_BIT_CONVERSION = YES;
				GCC_WARN_ABOUT_RETURN_TYPE = YES_ERROR;
				GCC_WARN_UNDECLARED_SELECTOR = YES;
				GCC_WARN_UNINITIALIZED_AUTOS = YES_AGGRESSIVE;
				GCC_WARN_UNUSED_FUNCTION = YES;
				GCC_WARN_UNUSED_VARIABLE = YES;
				IPHONEOS_DEPLOYMENT_TARGET = 16.2;
				MTL_ENABLE_DEBUG_INFO = NO;
				MTL_FAST_MATH = YES;
				SDKROOT = iphoneos;
				SWIFT_COMPILATION_MODE = wholemodule;
				SWIFT_OPTIMIZATION_LEVEL = "-O";
				VALIDATE_PRODUCT = YES;
			};
			name = Release;
		};
		8B1B22A829DE7CE1003F2F5C /* Debug */ = {
			isa = XCBuildConfiguration;
			buildSettings = {
				ASSETCATALOG_COMPILER_APPICON_NAME = AppIcon;
				ASSETCATALOG_COMPILER_GLOBAL_ACCENT_COLOR_NAME = AccentColor;
				CODE_SIGN_STYLE = Automatic;
				CURRENT_PROJECT_VERSION = 1;
				DEVELOPMENT_ASSET_PATHS = "\"AutoLoansCalculator/Preview Content\"";
				DEVELOPMENT_TEAM = B686856TJZ;
				ENABLE_PREVIEWS = YES;
				GENERATE_INFOPLIST_FILE = YES;
				INFOPLIST_KEY_UIApplicationSceneManifest_Generation = YES;
				INFOPLIST_KEY_UIApplicationSupportsIndirectInputEvents = YES;
				INFOPLIST_KEY_UILaunchScreen_Generation = YES;
				INFOPLIST_KEY_UISupportedInterfaceOrientations_iPad = "UIInterfaceOrientationPortrait UIInterfaceOrientationPortraitUpsideDown UIInterfaceOrientationLandscapeLeft UIInterfaceOrientationLandscapeRight";
				INFOPLIST_KEY_UISupportedInterfaceOrientations_iPhone = "UIInterfaceOrientationPortrait UIInterfaceOrientationLandscapeLeft UIInterfaceOrientationLandscapeRight";
				LD_RUNPATH_SEARCH_PATHS = (
					"$(inherited)",
					"@executable_path/Frameworks",
				);
				MARKETING_VERSION = 1.0;
				PRODUCT_BUNDLE_IDENTIFIER = com.cristopher.AutoLoansCalculator;
				PRODUCT_NAME = "$(TARGET_NAME)";
				SWIFT_EMIT_LOC_STRINGS = YES;
				SWIFT_VERSION = 5.0;
				TARGETED_DEVICE_FAMILY = "1,2";
			};
			name = Debug;
		};
		8B1B22A929DE7CE1003F2F5C /* Release */ = {
			isa = XCBuildConfiguration;
			buildSettings = {
				ASSETCATALOG_COMPILER_APPICON_NAME = AppIcon;
				ASSETCATALOG_COMPILER_GLOBAL_ACCENT_COLOR_NAME = AccentColor;
				CODE_SIGN_STYLE = Automatic;
				CURRENT_PROJECT_VERSION = 1;
				DEVELOPMENT_ASSET_PATHS = "\"AutoLoansCalculator/Preview Content\"";
				DEVELOPMENT_TEAM = B686856TJZ;
				ENABLE_PREVIEWS = YES;
				GENERATE_INFOPLIST_FILE = YES;
				INFOPLIST_KEY_UIApplicationSceneManifest_Generation = YES;
				INFOPLIST_KEY_UIApplicationSupportsIndirectInputEvents = YES;
				INFOPLIST_KEY_UILaunchScreen_Generation = YES;
				INFOPLIST_KEY_UISupportedInterfaceOrientations_iPad = "UIInterfaceOrientationPortrait UIInterfaceOrientationPortraitUpsideDown UIInterfaceOrientationLandscapeLeft UIInterfaceOrientationLandscapeRight";
				INFOPLIST_KEY_UISupportedInterfaceOrientations_iPhone = "UIInterfaceOrientationPortrait UIInterfaceOrientationLandscapeLeft UIInterfaceOrientationLandscapeRight";
				LD_RUNPATH_SEARCH_PATHS = (
					"$(inherited)",
					"@executable_path/Frameworks",
				);
				MARKETING_VERSION = 1.0;
				PRODUCT_BUNDLE_IDENTIFIER = com.cristopher.AutoLoansCalculator;
				PRODUCT_NAME = "$(TARGET_NAME)";
				SWIFT_EMIT_LOC_STRINGS = YES;
				SWIFT_VERSION = 5.0;
				TARGETED_DEVICE_FAMILY = "1,2";
			};
			name = Release;
		};
/* End XCBuildConfiguration section */

/* Begin XCConfigurationList section */
		8B1B229429DE7CDE003F2F5C /* Build configuration list for PBXProject "AutoLoansCalculator" */ = {
			isa = XCConfigurationList;
			buildConfigurations = (
				8B1B22A529DE7CE1003F2F5C /* Debug */,
				8B1B22A629DE7CE1003F2F5C /* Release */,
			);
			defaultConfigurationIsVisible = 0;
			defaultConfigurationName = Release;
		};
		8B1B22A729DE7CE1003F2F5C /* Build configuration list for PBXNativeTarget "AutoLoansCalculator" */ = {
			isa = XCConfigurationList;
			buildConfigurations = (
				8B1B22A829DE7CE1003F2F5C /* Debug */,
				8B1B22A929DE7CE1003F2F5C /* Release */,
			);
			defaultConfigurationIsVisible = 0;
			defaultConfigurationName = Release;
		};
/* End XCConfigurationList section */

/* Begin XCRemoteSwiftPackageReference section */
		8B77602C29E8EEAA00A1A91B /* XCRemoteSwiftPackageReference "ChartView" */ = {
			isa = XCRemoteSwiftPackageReference;
			repositoryURL = "https://github.com/AppPear/ChartView.git";
			requirement = {
				kind = upToNextMajorVersion;
				minimumVersion = 1.0.0;
			};
		};
/* End XCRemoteSwiftPackageReference section */

/* Begin XCSwiftPackageProductDependency section */
		8B77602D29E8EEAA00A1A91B /* SwiftUICharts */ = {
			isa = XCSwiftPackageProductDependency;
			package = 8B77602C29E8EEAA00A1A91B /* XCRemoteSwiftPackageReference "ChartView" */;
			productName = SwiftUICharts;
		};
/* End XCSwiftPackageProductDependency section */
	};
	rootObject = 8B1B229129DE7CDE003F2F5C /* Project object */;
}
